
Microsoft Visual Studio Solution File, Format Version 12.00
# Visual Studio Version 17
VisualStudioVersion = 17.3.32819.101
MinimumVisualStudioVersion = 10.0.40219.1
Project("{FAE04EC0-301F-11D3-BF4B-00C04F79EFBC}") = "ArrayAddAve", "ArrayAddAve\ArrayAddAve.csproj", "{5762D622-D98B-482C-99E0-EB6C820B2E61}"
EndProject
Global
	GlobalSection(SolutionConfigurationPlatforms) = preSolution
		Debug|Any CPU = Debug|Any CPU
		Release|Any CPU = Release|Any CPU
	EndGlobalSection
	GlobalSection(ProjectConfigurationPlatforms) = postSolution
		{5762D622-D98B-482C-99E0-EB6C820B2E61}.Debug|Any CPU.ActiveCfg = Debug|Any CPU
		{5762D622-D98B-482C-99E0-EB6C820B2E61}.Debug|Any CPU.Build.0 = Debug|Any CPU
		{5762D622-D98B-482C-99E0-EB6C820B2E61}.Release|Any CPU.ActiveCfg = Release|Any CPU
		{5762D622-D98B-482C-99E0-EB6C820B2E61}.Release|Any CPU.Build.0 = Release|Any CPU
	EndGlobalSection
	GlobalSection(SolutionProperties) = preSolution
		HideSolutionNode = FALSE
	EndGlobalSection
	GlobalSection(ExtensibilityGlobals) = postSolution
		SolutionGuid = {CEA04D8C-C069-4E72-8620-58579DC57E93}
	EndGlobalSection
EndGlobal
